
Microsoft Visual Studio Solution File, Format Version 12.00
# Visual Studio Version 17
VisualStudioVersion = 17.1.32328.378
MinimumVisualStudioVersion = 10.0.40219.1
Project("{FAE04EC0-301F-11D3-BF4B-00C04F79EFBC}") = "Biblioteka", "Biblioteka\Biblioteka.csproj", "{21433F2A-C624-412C-8038-42CC6CA61808}"
EndProject
Global
	GlobalSection(SolutionConfigurationPlatforms) = preSolution
		Debug|Any CPU = Debug|Any CPU
		Release|Any CPU = Release|Any CPU
	EndGlobalSection
	GlobalSection(ProjectConfigurationPlatforms) = postSolution
		{21433F2A-C624-412C-8038-42CC6CA61808}.Debug|Any CPU.ActiveCfg = Debug|Any CPU
		{21433F2A-C624-412C-8038-42CC6CA61808}.Debug|Any CPU.Build.0 = Debug|Any CPU
		{21433F2A-C624-412C-8038-42CC6CA61808}.Release|Any CPU.ActiveCfg = Release|Any CPU
		{21433F2A-C624-412C-8038-42CC6CA61808}.Release|Any CPU.Build.0 = Release|Any CPU
	EndGlobalSection
	GlobalSection(SolutionProperties) = preSolution
		HideSolutionNode = FALSE
	EndGlobalSection
	GlobalSection(ExtensibilityGlobals) = postSolution
		SolutionGuid = {BDD39ADF-D225-4EC4-91A5-AAFAC0D10A1E}
	EndGlobalSection
EndGlobal
